{
  "name": "cache-register",
  "version": "0.8.1",
  "lockfileVersion": 1,
  "requires": true,
  "dependencies": {
    "many-birds": {
      "version": "0.8.0",
      "resolved": "https://registry.npmjs.org/many-birds/-/many-birds-0.8.0.tgz",
      "integrity": "sha512-Fq95VpzvdY/SdPg0omdR12mkvfuriH7M7V0o0wiUSCcKeybyz2jXma6fp4HMRsoPvWy982ZzeWvyxqdSTBVJNg=="
    },
    "uuid": {
      "version": "3.1.0",
      "resolved": "https://nexus.internal.33across.com/repository/npm/uuid/-/uuid-3.1.0.tgz",
      "integrity": "sha512-DIWtzUkw04M4k3bf1IcpS2tngXEL26YUD2M0tMDUpnUrz2hgzUBlD55a4FjdLGPvfHxS6uluGWvaVEqgBcVa+g=="
    }
  }
}
